// !$*UTF8*$!
{
	archiveVersion = 1;
	classes = {
	};
	objectVersion = 48;
	objects = {

/* Begin PBXBuildFile section */
		D18BBF8E20482CD800FCB60F /* AppDelegate.swift in Sources */ = {isa = PBXBuildFile; fileRef = D18BBF8D20482CD800FCB60F /* AppDelegate.swift */; };
		D18BBF9320482CD800FCB60F /* Main.storyboard in Resources */ = {isa = PBXBuildFile; fileRef = D18BBF9120482CD800FCB60F /* Main.storyboard */; };
		D18BBF9520482CD800FCB60F /* Assets.xcassets in Resources */ = {isa = PBXBuildFile; fileRef = D18BBF9420482CD800FCB60F /* Assets.xcassets */; };
		D18BBF9820482CD800FCB60F /* LaunchScreen.storyboard in Resources */ = {isa = PBXBuildFile; fileRef = D18BBF9620482CD800FCB60F /* LaunchScreen.storyboard */; };
		D18BBFA220482D1D00FCB60F /* AppDelegate.swift in Sources */ = {isa = PBXBuildFile; fileRef = D18BBF8D20482CD800FCB60F /* AppDelegate.swift */; };
		D18BBFA520482D1D00FCB60F /* LaunchScreen.storyboard in Resources */ = {isa = PBXBuildFile; fileRef = D18BBF9620482CD800FCB60F /* LaunchScreen.storyboard */; };
		D18BBFA620482D1D00FCB60F /* Assets.xcassets in Resources */ = {isa = PBXBuildFile; fileRef = D18BBF9420482CD800FCB60F /* Assets.xcassets */; };
		D18BBFA720482D1D00FCB60F /* Main.storyboard in Resources */ = {isa = PBXBuildFile; fileRef = D18BBF9120482CD800FCB60F /* Main.storyboard */; };
		D18BBFB320483E2000FCB60F /* Goals.storyboard in Resources */ = {isa = PBXBuildFile; fileRef = D18BBFB220483E2000FCB60F /* Goals.storyboard */; };
		D18BBFB420483E2000FCB60F /* Goals.storyboard in Resources */ = {isa = PBXBuildFile; fileRef = D18BBFB220483E2000FCB60F /* Goals.storyboard */; };
		D18BBFB62048421100FCB60F /* Skills.storyboard in Resources */ = {isa = PBXBuildFile; fileRef = D18BBFB52048421100FCB60F /* Skills.storyboard */; };
		D18BBFB72048421100FCB60F /* Skills.storyboard in Resources */ = {isa = PBXBuildFile; fileRef = D18BBFB52048421100FCB60F /* Skills.storyboard */; };
		D18BBFB9204842C700FCB60F /* Drills.storyboard in Resources */ = {isa = PBXBuildFile; fileRef = D18BBFB8204842C700FCB60F /* Drills.storyboard */; };
		D18BBFBA204842C700FCB60F /* Drills.storyboard in Resources */ = {isa = PBXBuildFile; fileRef = D18BBFB8204842C700FCB60F /* Drills.storyboard */; };
		D18BBFBC2048437A00FCB60F /* More.storyboard in Resources */ = {isa = PBXBuildFile; fileRef = D18BBFBB2048437A00FCB60F /* More.storyboard */; };
		D18BBFBD2048437A00FCB60F /* More.storyboard in Resources */ = {isa = PBXBuildFile; fileRef = D18BBFBB2048437A00FCB60F /* More.storyboard */; };
		D18BBFBF2048466C00FCB60F /* GoalsCollectionVC.swift in Sources */ = {isa = PBXBuildFile; fileRef = D18BBFBE2048466C00FCB60F /* GoalsCollectionVC.swift */; };
		D18BBFC02048466C00FCB60F /* GoalsCollectionVC.swift in Sources */ = {isa = PBXBuildFile; fileRef = D18BBFBE2048466C00FCB60F /* GoalsCollectionVC.swift */; };
		D18BBFC32048471900FCB60F /* Logger.swift in Sources */ = {isa = PBXBuildFile; fileRef = D18BBFC22048471900FCB60F /* Logger.swift */; };
		D18BBFC42048471900FCB60F /* Logger.swift in Sources */ = {isa = PBXBuildFile; fileRef = D18BBFC22048471900FCB60F /* Logger.swift */; };
		D18BBFC620484F3F00FCB60F /* GoalsCollectionViewCell.swift in Sources */ = {isa = PBXBuildFile; fileRef = D18BBFC520484F3F00FCB60F /* GoalsCollectionViewCell.swift */; };
		D18BBFC720484F3F00FCB60F /* GoalsCollectionViewCell.swift in Sources */ = {isa = PBXBuildFile; fileRef = D18BBFC520484F3F00FCB60F /* GoalsCollectionViewCell.swift */; };
/* End PBXBuildFile section */

/* Begin PBXFileReference section */
		D18BBF8A20482CD800FCB60F /* TennisTrackIt [Development].app */ = {isa = PBXFileReference; explicitFileType = wrapper.application; includeInIndex = 0; path = "TennisTrackIt [Development].app"; sourceTree = BUILT_PRODUCTS_DIR; };
		D18BBF8D20482CD800FCB60F /* AppDelegate.swift */ = {isa = PBXFileReference; lastKnownFileType = sourcecode.swift; path = AppDelegate.swift; sourceTree = "<group>"; };
		D18BBF9220482CD800FCB60F /* Base */ = {isa = PBXFileReference; lastKnownFileType = file.storyboard; name = Base; path = Base.lproj/Main.storyboard; sourceTree = "<group>"; };
		D18BBF9420482CD800FCB60F /* Assets.xcassets */ = {isa = PBXFileReference; lastKnownFileType = folder.assetcatalog; path = Assets.xcassets; sourceTree = "<group>"; };
		D18BBF9720482CD800FCB60F /* Base */ = {isa = PBXFileReference; lastKnownFileType = file.storyboard; name = Base; path = Base.lproj/LaunchScreen.storyboard; sourceTree = "<group>"; };
		D18BBF9920482CD800FCB60F /* Info.plist */ = {isa = PBXFileReference; lastKnownFileType = text.plist.xml; path = Info.plist; sourceTree = "<group>"; };
		D18BBFAB20482D1D00FCB60F /* TennisTrackIt [Enterprise].app */ = {isa = PBXFileReference; explicitFileType = wrapper.application; includeInIndex = 0; path = "TennisTrackIt [Enterprise].app"; sourceTree = BUILT_PRODUCTS_DIR; };
		D18BBFB220483E2000FCB60F /* Goals.storyboard */ = {isa = PBXFileReference; lastKnownFileType = file.storyboard; path = Goals.storyboard; sourceTree = "<group>"; };
		D18BBFB52048421100FCB60F /* Skills.storyboard */ = {isa = PBXFileReference; lastKnownFileType = file.storyboard; path = Skills.storyboard; sourceTree = "<group>"; };
		D18BBFB8204842C700FCB60F /* Drills.storyboard */ = {isa = PBXFileReference; lastKnownFileType = file.storyboard; path = Drills.storyboard; sourceTree = "<group>"; };
		D18BBFBB2048437A00FCB60F /* More.storyboard */ = {isa = PBXFileReference; lastKnownFileType = file.storyboard; path = More.storyboard; sourceTree = "<group>"; };
		D18BBFBE2048466C00FCB60F /* GoalsCollectionVC.swift */ = {isa = PBXFileReference; lastKnownFileType = sourcecode.swift; path = GoalsCollectionVC.swift; sourceTree = "<group>"; };
		D18BBFC22048471900FCB60F /* Logger.swift */ = {isa = PBXFileReference; lastKnownFileType = sourcecode.swift; path = Logger.swift; sourceTree = "<group>"; };
		D18BBFC520484F3F00FCB60F /* GoalsCollectionViewCell.swift */ = {isa = PBXFileReference; lastKnownFileType = sourcecode.swift; path = GoalsCollectionViewCell.swift; sourceTree = "<group>"; };
/* End PBXFileReference section */

/* Begin PBXFrameworksBuildPhase section */
		D18BBF8720482CD800FCB60F /* Frameworks */ = {
			isa = PBXFrameworksBuildPhase;
			buildActionMask = 2147483647;
			files = (
			);
			runOnlyForDeploymentPostprocessing = 0;
		};
		D18BBFA320482D1D00FCB60F /* Frameworks */ = {
			isa = PBXFrameworksBuildPhase;
			buildActionMask = 2147483647;
			files = (
			);
			runOnlyForDeploymentPostprocessing = 0;
		};
/* End PBXFrameworksBuildPhase section */

/* Begin PBXGroup section */
		D18BBF8120482CD800FCB60F = {
			isa = PBXGroup;
			children = (
				D18BBF8C20482CD800FCB60F /* TennisTrackIt */,
				D18BBF8B20482CD800FCB60F /* Products */,
			);
			sourceTree = "<group>";
		};
		D18BBF8B20482CD800FCB60F /* Products */ = {
			isa = PBXGroup;
			children = (
				D18BBF8A20482CD800FCB60F /* TennisTrackIt [Development].app */,
				D18BBFAB20482D1D00FCB60F /* TennisTrackIt [Enterprise].app */,
			);
			name = Products;
			sourceTree = "<group>";
		};
		D18BBF8C20482CD800FCB60F /* TennisTrackIt */ = {
			isa = PBXGroup;
			children = (
				D18BBFAD20483DE900FCB60F /* Modules */,
				D18BBFC12048470C00FCB60F /* Utils */,
				D18BBF8D20482CD800FCB60F /* AppDelegate.swift */,
				D18BBF9120482CD800FCB60F /* Main.storyboard */,
				D18BBF9420482CD800FCB60F /* Assets.xcassets */,
				D18BBF9620482CD800FCB60F /* LaunchScreen.storyboard */,
				D18BBF9920482CD800FCB60F /* Info.plist */,
			);
			path = TennisTrackIt;
			sourceTree = "<group>";
		};
		D18BBFAD20483DE900FCB60F /* Modules */ = {
			isa = PBXGroup;
			children = (
				D18BBFAF20483DE900FCB60F /* Goals */,
				D18BBFB120483DE900FCB60F /* Skills */,
				D18BBFAE20483DE900FCB60F /* Drills */,
				D18BBFB020483DE900FCB60F /* More */,
			);
			path = Modules;
			sourceTree = "<group>";
		};
		D18BBFAE20483DE900FCB60F /* Drills */ = {
			isa = PBXGroup;
			children = (
				D18BBFB8204842C700FCB60F /* Drills.storyboard */,
			);
			path = Drills;
			sourceTree = "<group>";
		};
		D18BBFAF20483DE900FCB60F /* Goals */ = {
			isa = PBXGroup;
			children = (
				D18BBFB220483E2000FCB60F /* Goals.storyboard */,
				D18BBFBE2048466C00FCB60F /* GoalsCollectionVC.swift */,
				D18BBFC520484F3F00FCB60F /* GoalsCollectionViewCell.swift */,
			);
			path = Goals;
			sourceTree = "<group>";
		};
		D18BBFB020483DE900FCB60F /* More */ = {
			isa = PBXGroup;
			children = (
				D18BBFBB2048437A00FCB60F /* More.storyboard */,
			);
			path = More;
			sourceTree = "<group>";
		};
		D18BBFB120483DE900FCB60F /* Skills */ = {
			isa = PBXGroup;
			children = (
				D18BBFB52048421100FCB60F /* Skills.storyboard */,
			);
			path = Skills;
			sourceTree = "<group>";
		};
		D18BBFC12048470C00FCB60F /* Utils */ = {
			isa = PBXGroup;
			children = (
				D18BBFC22048471900FCB60F /* Logger.swift */,
			);
			path = Utils;
			sourceTree = "<group>";
		};
/* End PBXGroup section */

/* Begin PBXNativeTarget section */
		D18BBF8920482CD800FCB60F /* TennisTrackIt [Development] */ = {
			isa = PBXNativeTarget;
			buildConfigurationList = D18BBF9C20482CD800FCB60F /* Build configuration list for PBXNativeTarget "TennisTrackIt [Development]" */;
			buildPhases = (
				D18BBF8620482CD800FCB60F /* Sources */,
				D18BBF8720482CD800FCB60F /* Frameworks */,
				D18BBF8820482CD800FCB60F /* Resources */,
			);
			buildRules = (
			);
			dependencies = (
			);
			name = "TennisTrackIt [Development]";
			productName = TennisTrackIt;
			productReference = D18BBF8A20482CD800FCB60F /* TennisTrackIt [Development].app */;
			productType = "com.apple.product-type.application";
		};
		D18BBF9F20482D1D00FCB60F /* TennisTrackIt [Enterprise] */ = {
			isa = PBXNativeTarget;
			buildConfigurationList = D18BBFA820482D1D00FCB60F /* Build configuration list for PBXNativeTarget "TennisTrackIt [Enterprise]" */;
			buildPhases = (
				D18BBFA020482D1D00FCB60F /* Sources */,
				D18BBFA320482D1D00FCB60F /* Frameworks */,
				D18BBFA420482D1D00FCB60F /* Resources */,
			);
			buildRules = (
			);
			dependencies = (
			);
			name = "TennisTrackIt [Enterprise]";
			productName = TennisTrackIt;
			productReference = D18BBFAB20482D1D00FCB60F /* TennisTrackIt [Enterprise].app */;
			productType = "com.apple.product-type.application";
		};
/* End PBXNativeTarget section */

/* Begin PBXProject section */
		D18BBF8220482CD800FCB60F /* Project object */ = {
			isa = PBXProject;
			attributes = {
				LastSwiftUpdateCheck = 0920;
				LastUpgradeCheck = 0920;
				ORGANIZATIONNAME = "Annie Persson";
				TargetAttributes = {
					D18BBF8920482CD800FCB60F = {
						CreatedOnToolsVersion = 9.2;
						ProvisioningStyle = Automatic;
					};
					D18BBF9F20482D1D00FCB60F = {
						ProvisioningStyle = Automatic;
					};
				};
			};
			buildConfigurationList = D18BBF8520482CD800FCB60F /* Build configuration list for PBXProject "TennisTrackIt" */;
			compatibilityVersion = "Xcode 8.0";
			developmentRegion = en;
			hasScannedForEncodings = 0;
			knownRegions = (
				en,
				Base,
			);
			mainGroup = D18BBF8120482CD800FCB60F;
			productRefGroup = D18BBF8B20482CD800FCB60F /* Products */;
			projectDirPath = "";
			projectRoot = "";
			targets = (
				D18BBF8920482CD800FCB60F /* TennisTrackIt [Development] */,
				D18BBF9F20482D1D00FCB60F /* TennisTrackIt [Enterprise] */,
			);
		};
/* End PBXProject section */

/* Begin PBXResourcesBuildPhase section */
		D18BBF8820482CD800FCB60F /* Resources */ = {
			isa = PBXResourcesBuildPhase;
			buildActionMask = 2147483647;
			files = (
				D18BBFB62048421100FCB60F /* Skills.storyboard in Resources */,
				D18BBF9820482CD800FCB60F /* LaunchScreen.storyboard in Resources */,
				D18BBFBC2048437A00FCB60F /* More.storyboard in Resources */,
				D18BBFB320483E2000FCB60F /* Goals.storyboard in Resources */,
				D18BBF9520482CD800FCB60F /* Assets.xcassets in Resources */,
				D18BBFB9204842C700FCB60F /* Drills.storyboard in Resources */,
				D18BBF9320482CD800FCB60F /* Main.storyboard in Resources */,
			);
			runOnlyForDeploymentPostprocessing = 0;
		};
		D18BBFA420482D1D00FCB60F /* Resources */ = {
			isa = PBXResourcesBuildPhase;
			buildActionMask = 2147483647;
			files = (
				D18BBFB72048421100FCB60F /* Skills.storyboard in Resources */,
				D18BBFA520482D1D00FCB60F /* LaunchScreen.storyboard in Resources */,
				D18BBFBD2048437A00FCB60F /* More.storyboard in Resources */,
				D18BBFB420483E2000FCB60F /* Goals.storyboard in Resources */,
				D18BBFA620482D1D00FCB60F /* Assets.xcassets in Resources */,
				D18BBFBA204842C700FCB60F /* Drills.storyboard in Resources */,
				D18BBFA720482D1D00FCB60F /* Main.storyboard in Resources */,
			);
			runOnlyForDeploymentPostprocessing = 0;
		};
/* End PBXResourcesBuildPhase section */

/* Begin PBXSourcesBuildPhase section */
		D18BBF8620482CD800FCB60F /* Sources */ = {
			isa = PBXSourcesBuildPhase;
			buildActionMask = 2147483647;
			files = (
				D18BBF8E20482CD800FCB60F /* AppDelegate.swift in Sources */,
				D18BBFC620484F3F00FCB60F /* GoalsCollectionViewCell.swift in Sources */,
				D18BBFC32048471900FCB60F /* Logger.swift in Sources */,
				D18BBFBF2048466C00FCB60F /* GoalsCollectionVC.swift in Sources */,
			);
			runOnlyForDeploymentPostprocessing = 0;
		};
		D18BBFA020482D1D00FCB60F /* Sources */ = {
			isa = PBXSourcesBuildPhase;
			buildActionMask = 2147483647;
			files = (
				D18BBFA220482D1D00FCB60F /* AppDelegate.swift in Sources */,
				D18BBFC720484F3F00FCB60F /* GoalsCollectionViewCell.swift in Sources */,
				D18BBFC42048471900FCB60F /* Logger.swift in Sources */,
				D18BBFC02048466C00FCB60F /* GoalsCollectionVC.swift in Sources */,
			);
			runOnlyForDeploymentPostprocessing = 0;
		};
/* End PBXSourcesBuildPhase section */

/* Begin PBXVariantGroup section */
		D18BBF9120482CD800FCB60F /* Main.storyboard */ = {
			isa = PBXVariantGroup;
			children = (
				D18BBF9220482CD800FCB60F /* Base */,
			);
			name = Main.storyboard;
			sourceTree = "<group>";
		};
		D18BBF9620482CD800FCB60F /* LaunchScreen.storyboard */ = {
			isa = PBXVariantGroup;
			children = (
				D18BBF9720482CD800FCB60F /* Base */,
			);
			name = LaunchScreen.storyboard;
			sourceTree = "<group>";
		};
/* End PBXVariantGroup section */

/* Begin XCBuildConfiguration section */
		D18BBF9A20482CD800FCB60F /* Debug */ = {
			isa = XCBuildConfiguration;
			buildSettings = {
				ALWAYS_SEARCH_USER_PATHS = NO;
				CLANG_ANALYZER_NONNULL = YES;
				CLANG_ANALYZER_NUMBER_OBJECT_CONVERSION = YES_AGGRESSIVE;
				CLANG_CXX_LANGUAGE_STANDARD = "gnu++14";
				CLANG_CXX_LIBRARY = "libc++";
				CLANG_ENABLE_MODULES = YES;
				CLANG_ENABLE_OBJC_ARC = YES;
				CLANG_WARN_BLOCK_CAPTURE_AUTORELEASING = YES;
				CLANG_WARN_BOOL_CONVERSION = YES;
				CLANG_WARN_COMMA = YES;
				CLANG_WARN_CONSTANT_CONVERSION = YES;
				CLANG_WARN_DIRECT_OBJC_ISA_USAGE = YES_ERROR;
				CLANG_WARN_DOCUMENTATION_COMMENTS = YES;
				CLANG_WARN_EMPTY_BODY = YES;
				CLANG_WARN_ENUM_CONVERSION = YES;
				CLANG_WARN_INFINITE_RECURSION = YES;
				CLANG_WARN_INT_CONVERSION = YES;
				CLANG_WARN_NON_LITERAL_NULL_CONVERSION = YES;
				CLANG_WARN_OBJC_LITERAL_CONVERSION = YES;
				CLANG_WARN_OBJC_ROOT_CLASS = YES_ERROR;
				CLANG_WARN_RANGE_LOOP_ANALYSIS = YES;
				CLANG_WARN_STRICT_PROTOTYPES = YES;
				CLANG_WARN_SUSPICIOUS_MOVE = YES;
				CLANG_WARN_UNGUARDED_AVAILABILITY = YES_AGGRESSIVE;
				CLANG_WARN_UNREACHABLE_CODE = YES;
				CLANG_WARN__DUPLICATE_METHOD_MATCH = YES;
				CODE_SIGN_IDENTITY = "iPhone Developer";
				COPY_PHASE_STRIP = NO;
				DEBUG_INFORMATION_FORMAT = dwarf;
				ENABLE_STRICT_OBJC_MSGSEND = YES;
				ENABLE_TESTABILITY = YES;
				GCC_C_LANGUAGE_STANDARD = gnu11;
				GCC_DYNAMIC_NO_PIC = NO;
				GCC_NO_COMMON_BLOCKS = YES;
				GCC_OPTIMIZATION_LEVEL = 0;
				GCC_PREPROCESSOR_DEFINITIONS = (
					"DEBUG=1",
					"$(inherited)",
				);
				GCC_WARN_64_TO_32_BIT_CONVERSION = YES;
				GCC_WARN_ABOUT_RETURN_TYPE = YES_ERROR;
				GCC_WARN_UNDECLARED_SELECTOR = YES;
				GCC_WARN_UNINITIALIZED_AUTOS = YES_AGGRESSIVE;
				GCC_WARN_UNUSED_FUNCTION = YES;
				GCC_WARN_UNUSED_VARIABLE = YES;
				IPHONEOS_DEPLOYMENT_TARGET = 11.2;
				MTL_ENABLE_DEBUG_INFO = YES;
				ONLY_ACTIVE_ARCH = YES;
				SDKROOT = iphoneos;
				SWIFT_ACTIVE_COMPILATION_CONDITIONS = DEBUG;
				SWIFT_OPTIMIZATION_LEVEL = "-Onone";
			};
			name = Debug;
		};
		D18BBF9B20482CD800FCB60F /* Release */ = {
			isa = XCBuildConfiguration;
			buildSettings = {
				ALWAYS_SEARCH_USER_PATHS = NO;
				CLANG_ANALYZER_NONNULL = YES;
				CLANG_ANALYZER_NUMBER_OBJECT_CONVERSION = YES_AGGRESSIVE;
				CLANG_CXX_LANGUAGE_STANDARD = "gnu++14";
				CLANG_CXX_LIBRARY = "libc++";
				CLANG_ENABLE_MODULES = YES;
				CLANG_ENABLE_OBJC_ARC = YES;
				CLANG_WARN_BLOCK_CAPTURE_AUTORELEASING = YES;
				CLANG_WARN_BOOL_CONVERSION = YES;
				CLANG_WARN_COMMA = YES;
				CLANG_WARN_CONSTANT_CONVERSION = YES;
				CLANG_WARN_DIRECT_OBJC_ISA_USAGE = YES_ERROR;
				CLANG_WARN_DOCUMENTATION_COMMENTS = YES;
				CLANG_WARN_EMPTY_BODY = YES;
				CLANG_WARN_ENUM_CONVERSION = YES;
				CLANG_WARN_INFINITE_RECURSION = YES;
				CLANG_WARN_INT_CONVERSION = YES;
				CLANG_WARN_NON_LITERAL_NULL_CONVERSION = YES;
				CLANG_WARN_OBJC_LITERAL_CONVERSION = YES;
				CLANG_WARN_OBJC_ROOT_CLASS = YES_ERROR;
				CLANG_WARN_RANGE_LOOP_ANALYSIS = YES;
				CLANG_WARN_STRICT_PROTOTYPES = YES;
				CLANG_WARN_SUSPICIOUS_MOVE = YES;
				CLANG_WARN_UNGUARDED_AVAILABILITY = YES_AGGRESSIVE;
				CLANG_WARN_UNREACHABLE_CODE = YES;
				CLANG_WARN__DUPLICATE_METHOD_MATCH = YES;
				CODE_SIGN_IDENTITY = "iPhone Developer";
				COPY_PHASE_STRIP = NO;
				DEBUG_INFORMATION_FORMAT = "dwarf-with-dsym";
				ENABLE_NS_ASSERTIONS = NO;
				ENABLE_STRICT_OBJC_MSGSEND = YES;
				GCC_C_LANGUAGE_STANDARD = gnu11;
				GCC_NO_COMMON_BLOCKS = YES;
				GCC_WARN_64_TO_32_BIT_CONVERSION = YES;
				GCC_WARN_ABOUT_RETURN_TYPE = YES_ERROR;
				GCC_WARN_UNDECLARED_SELECTOR = YES;
				GCC_WARN_UNINITIALIZED_AUTOS = YES_AGGRESSIVE;
				GCC_WARN_UNUSED_FUNCTION = YES;
				GCC_WARN_UNUSED_VARIABLE = YES;
				IPHONEOS_DEPLOYMENT_TARGET = 11.2;
				MTL_ENABLE_DEBUG_INFO = NO;
				SDKROOT = iphoneos;
				SWIFT_OPTIMIZATION_LEVEL = "-Owholemodule";
				VALIDATE_PRODUCT = YES;
			};
			name = Release;
		};
		D18BBF9D20482CD800FCB60F /* Debug */ = {
			isa = XCBuildConfiguration;
			buildSettings = {
				ASSETCATALOG_COMPILER_APPICON_NAME = AppIcon;
				CODE_SIGN_STYLE = Automatic;
				DEVELOPMENT_TEAM = 8856YCF2X9;
				INFOPLIST_FILE = TennisTrackIt/Info.plist;
				LD_RUNPATH_SEARCH_PATHS = "$(inherited) @executable_path/Frameworks";
				PRODUCT_BUNDLE_IDENTIFIER = com.apersson.TennisTrackIt;
				PRODUCT_NAME = "$(TARGET_NAME)";
				SWIFT_VERSION = 4.0;
				TARGETED_DEVICE_FAMILY = 1;
			};
			name = Debug;
		};
		D18BBF9E20482CD800FCB60F /* Release */ = {
			isa = XCBuildConfiguration;
			buildSettings = {
				ASSETCATALOG_COMPILER_APPICON_NAME = AppIcon;
				CODE_SIGN_STYLE = Automatic;
				DEVELOPMENT_TEAM = 8856YCF2X9;
				INFOPLIST_FILE = TennisTrackIt/Info.plist;
				LD_RUNPATH_SEARCH_PATHS = "$(inherited) @executable_path/Frameworks";
				PRODUCT_BUNDLE_IDENTIFIER = com.apersson.TennisTrackIt;
				PRODUCT_NAME = "$(TARGET_NAME)";
				SWIFT_VERSION = 4.0;
				TARGETED_DEVICE_FAMILY = 1;
			};
			name = Release;
		};
		D18BBFA920482D1D00FCB60F /* Debug */ = {
			isa = XCBuildConfiguration;
			buildSettings = {
				ASSETCATALOG_COMPILER_APPICON_NAME = AppIcon;
				CODE_SIGN_STYLE = Automatic;
				DEVELOPMENT_TEAM = 8856YCF2X9;
				INFOPLIST_FILE = "$(SRCROOT)/TennisTrackIt/Info.plist";
				LD_RUNPATH_SEARCH_PATHS = "$(inherited) @executable_path/Frameworks";
				PRODUCT_BUNDLE_IDENTIFIER = com.apersson.TennisTrackIt;
				PRODUCT_NAME = "$(TARGET_NAME)";
				SWIFT_VERSION = 4.0;
				TARGETED_DEVICE_FAMILY = 1;
			};
			name = Debug;
		};
		D18BBFAA20482D1D00FCB60F /* Release */ = {
			isa = XCBuildConfiguration;
			buildSettings = {
				ASSETCATALOG_COMPILER_APPICON_NAME = AppIcon;
				CODE_SIGN_STYLE = Automatic;
				DEVELOPMENT_TEAM = 8856YCF2X9;
				INFOPLIST_FILE = "$(SRCROOT)/TennisTrackIt/Info.plist";
				LD_RUNPATH_SEARCH_PATHS = "$(inherited) @executable_path/Frameworks";
				PRODUCT_BUNDLE_IDENTIFIER = com.apersson.TennisTrackIt;
				PRODUCT_NAME = "$(TARGET_NAME)";
				SWIFT_VERSION = 4.0;
				TARGETED_DEVICE_FAMILY = 1;
			};
			name = Release;
		};
/* End XCBuildConfiguration section */

/* Begin XCConfigurationList section */
		D18BBF8520482CD800FCB60F /* Build configuration list for PBXProject "TennisTrackIt" */ = {
			isa = XCConfigurationList;
			buildConfigurations = (
				D18BBF9A20482CD800FCB60F /* Debug */,
				D18BBF9B20482CD800FCB60F /* Release */,
			);
			defaultConfigurationIsVisible = 0;
			defaultConfigurationName = Release;
		};
		D18BBF9C20482CD800FCB60F /* Build configuration list for PBXNativeTarget "TennisTrackIt [Development]" */ = {
			isa = XCConfigurationList;
			buildConfigurations = (
				D18BBF9D20482CD800FCB60F /* Debug */,
				D18BBF9E20482CD800FCB60F /* Release */,
			);
			defaultConfigurationIsVisible = 0;
			defaultConfigurationName = Release;
		};
		D18BBFA820482D1D00FCB60F /* Build configuration list for PBXNativeTarget "TennisTrackIt [Enterprise]" */ = {
			isa = XCConfigurationList;
			buildConfigurations = (
				D18BBFA920482D1D00FCB60F /* Debug */,
				D18BBFAA20482D1D00FCB60F /* Release */,
			);
			defaultConfigurationIsVisible = 0;
			defaultConfigurationName = Release;
		};
/* End XCConfigurationList section */
	};
	rootObject = D18BBF8220482CD800FCB60F /* Project object */;
}
